
Microsoft Visual Studio Solution File, Format Version 12.00
# Visual Studio Version 17
VisualStudioVersion = 17.1.32228.430
MinimumVisualStudioVersion = 10.0.40219.1
Project("{9A19103F-16F7-4668-BE54-9A1E7A4F7556}") = "ConAppsExcercises", "ConAppsExcercises\ConAppsExcercises.csproj", "{4B6C31BB-1496-4D60-97A8-578FDF631789}"
EndProject
Project("{9A19103F-16F7-4668-BE54-9A1E7A4F7556}") = "ConAppExcercises_2", "ConsoleApp1\ConAppExcercises_2.csproj", "{C9CFFCB0-E201-4DB6-9889-A5FCD65F08F8}"
EndProject
Project("{9A19103F-16F7-4668-BE54-9A1E7A4F7556}") = "ConAppSerlilogExcercise", "ConAppSerlilogExcercise\ConAppSerlilogExcercise.csproj", "{D4E8C438-6A3D-4F58-918F-A01A436C10DE}"
EndProject
Project("{9A19103F-16F7-4668-BE54-9A1E7A4F7556}") = "ConAppEvents", "ConAppEvents\ConAppEvents.csproj", "{F7D2CDD0-C8F7-4B48-B85C-6B1FC8EC008F}"
EndProject
Project("{9A19103F-16F7-4668-BE54-9A1E7A4F7556}") = "DecoratorPattern", "DecoratorPattern\DecoratorPattern.csproj", "{687B7E59-9850-4935-B223-A259E270B140}"
EndProject
Project("{9A19103F-16F7-4668-BE54-9A1E7A4F7556}") = "ConAppPbP", "ConAppPbP\ConAppPbP.csproj", "{2BF2D176-3C47-486B-BB07-BA81C647425E}"
EndProject
Project("{9A19103F-16F7-4668-BE54-9A1E7A4F7556}") = "TestingUnitTests", "TestingUnitTests\TestingUnitTests.csproj", "{FB9EB451-AF42-4567-BA60-9AB74649C395}"
EndProject
Project("{9A19103F-16F7-4668-BE54-9A1E7A4F7556}") = "AsyncAwait", "AsyncAwait\AsyncAwait.csproj", "{97FA9B6E-39AA-41E0-BE23-6EFCEB836536}"
EndProject
Project("{9A19103F-16F7-4668-BE54-9A1E7A4F7556}") = "ConAppDelegates", "ConAppDelegates\ConAppDelegates.csproj", "{726C3E82-D09C-4AE3-9129-BB99FEF9E47E}"
EndProject
Project("{9A19103F-16F7-4668-BE54-9A1E7A4F7556}") = "ConAppPlayingWithStrings", "ConAppPlayingWithStrings\ConAppPlayingWithStrings.csproj", "{5CCE949D-63C6-445C-8383-836CC09CEDD0}"
EndProject
Project("{9A19103F-16F7-4668-BE54-9A1E7A4F7556}") = "ConAppRedis", "ConAppRedis\ConAppRedis.csproj", "{07EEA9C8-97F8-4AFD-AD73-1F27FDB9F11F}"
EndProject
Project("{9A19103F-16F7-4668-BE54-9A1E7A4F7556}") = "ConAppDu", "ConAppDu\ConAppDu.csproj", "{9DA12681-44BC-4C37-B5D2-DBCAE489C29A}"
EndProject
Project("{9A19103F-16F7-4668-BE54-9A1E7A4F7556}") = "ConAppLogic", "ConAppLogic\ConAppLogic.csproj", "{C4B7A3E1-1117-41CA-A0F3-74C14C3E628F}"
EndProject
Project("{9A19103F-16F7-4668-BE54-9A1E7A4F7556}") = "PlayingWithAsb", "PlayingWithAsb\PlayingWithAsb.csproj", "{B2463D4F-65A1-4295-95FA-538D938E89C1}"
EndProject
Project("{9A19103F-16F7-4668-BE54-9A1E7A4F7556}") = "PlayingWithAsbReceiver", "PlayingWithAsbReceiver\PlayingWithAsbReceiver.csproj", "{BF79EFA7-A7BC-4242-A8D8-158A0E07B75B}"
EndProject
Project("{9A19103F-16F7-4668-BE54-9A1E7A4F7556}") = "ConAppSimpleLib", "ConAppSimpleLib\ConAppSimpleLib.csproj", "{CE3B10CB-DE40-49EA-AA0A-7E10AB83DEFA}"
EndProject
Project("{FAE04EC0-301F-11D3-BF4B-00C04F79EFBC}") = "ConAppShuffleCards", "ConAppShuffleCards\ConAppShuffleCards.csproj", "{1EF08785-01F5-4A6E-B554-142C6D7A0C7C}"
EndProject
Global
	GlobalSection(SolutionConfigurationPlatforms) = preSolution
		Debug|Any CPU = Debug|Any CPU
		Release|Any CPU = Release|Any CPU
	EndGlobalSection
	GlobalSection(ProjectConfigurationPlatforms) = postSolution
		{4B6C31BB-1496-4D60-97A8-578FDF631789}.Debug|Any CPU.ActiveCfg = Debug|Any CPU
		{4B6C31BB-1496-4D60-97A8-578FDF631789}.Debug|Any CPU.Build.0 = Debug|Any CPU
		{4B6C31BB-1496-4D60-97A8-578FDF631789}.Release|Any CPU.ActiveCfg = Release|Any CPU
		{4B6C31BB-1496-4D60-97A8-578FDF631789}.Release|Any CPU.Build.0 = Release|Any CPU
		{C9CFFCB0-E201-4DB6-9889-A5FCD65F08F8}.Debug|Any CPU.ActiveCfg = Debug|Any CPU
		{C9CFFCB0-E201-4DB6-9889-A5FCD65F08F8}.Debug|Any CPU.Build.0 = Debug|Any CPU
		{C9CFFCB0-E201-4DB6-9889-A5FCD65F08F8}.Release|Any CPU.ActiveCfg = Release|Any CPU
		{C9CFFCB0-E201-4DB6-9889-A5FCD65F08F8}.Release|Any CPU.Build.0 = Release|Any CPU
		{D4E8C438-6A3D-4F58-918F-A01A436C10DE}.Debug|Any CPU.ActiveCfg = Debug|Any CPU
		{D4E8C438-6A3D-4F58-918F-A01A436C10DE}.Debug|Any CPU.Build.0 = Debug|Any CPU
		{D4E8C438-6A3D-4F58-918F-A01A436C10DE}.Release|Any CPU.ActiveCfg = Release|Any CPU
		{D4E8C438-6A3D-4F58-918F-A01A436C10DE}.Release|Any CPU.Build.0 = Release|Any CPU
		{F7D2CDD0-C8F7-4B48-B85C-6B1FC8EC008F}.Debug|Any CPU.ActiveCfg = Debug|Any CPU
		{F7D2CDD0-C8F7-4B48-B85C-6B1FC8EC008F}.Debug|Any CPU.Build.0 = Debug|Any CPU
		{F7D2CDD0-C8F7-4B48-B85C-6B1FC8EC008F}.Release|Any CPU.ActiveCfg = Release|Any CPU
		{F7D2CDD0-C8F7-4B48-B85C-6B1FC8EC008F}.Release|Any CPU.Build.0 = Release|Any CPU
		{687B7E59-9850-4935-B223-A259E270B140}.Debug|Any CPU.ActiveCfg = Debug|Any CPU
		{687B7E59-9850-4935-B223-A259E270B140}.Debug|Any CPU.Build.0 = Debug|Any CPU
		{687B7E59-9850-4935-B223-A259E270B140}.Release|Any CPU.ActiveCfg = Release|Any CPU
		{687B7E59-9850-4935-B223-A259E270B140}.Release|Any CPU.Build.0 = Release|Any CPU
		{2BF2D176-3C47-486B-BB07-BA81C647425E}.Debug|Any CPU.ActiveCfg = Debug|Any CPU
		{2BF2D176-3C47-486B-BB07-BA81C647425E}.Debug|Any CPU.Build.0 = Debug|Any CPU
		{2BF2D176-3C47-486B-BB07-BA81C647425E}.Release|Any CPU.ActiveCfg = Release|Any CPU
		{2BF2D176-3C47-486B-BB07-BA81C647425E}.Release|Any CPU.Build.0 = Release|Any CPU
		{FB9EB451-AF42-4567-BA60-9AB74649C395}.Debug|Any CPU.ActiveCfg = Debug|Any CPU
		{FB9EB451-AF42-4567-BA60-9AB74649C395}.Debug|Any CPU.Build.0 = Debug|Any CPU
		{FB9EB451-AF42-4567-BA60-9AB74649C395}.Release|Any CPU.ActiveCfg = Release|Any CPU
		{FB9EB451-AF42-4567-BA60-9AB74649C395}.Release|Any CPU.Build.0 = Release|Any CPU
		{97FA9B6E-39AA-41E0-BE23-6EFCEB836536}.Debug|Any CPU.ActiveCfg = Debug|Any CPU
		{97FA9B6E-39AA-41E0-BE23-6EFCEB836536}.Debug|Any CPU.Build.0 = Debug|Any CPU
		{97FA9B6E-39AA-41E0-BE23-6EFCEB836536}.Release|Any CPU.ActiveCfg = Release|Any CPU
		{97FA9B6E-39AA-41E0-BE23-6EFCEB836536}.Release|Any CPU.Build.0 = Release|Any CPU
		{726C3E82-D09C-4AE3-9129-BB99FEF9E47E}.Debug|Any CPU.ActiveCfg = Debug|Any CPU
		{726C3E82-D09C-4AE3-9129-BB99FEF9E47E}.Debug|Any CPU.Build.0 = Debug|Any CPU
		{726C3E82-D09C-4AE3-9129-BB99FEF9E47E}.Release|Any CPU.ActiveCfg = Release|Any CPU
		{726C3E82-D09C-4AE3-9129-BB99FEF9E47E}.Release|Any CPU.Build.0 = Release|Any CPU
		{5CCE949D-63C6-445C-8383-836CC09CEDD0}.Debug|Any CPU.ActiveCfg = Debug|Any CPU
		{5CCE949D-63C6-445C-8383-836CC09CEDD0}.Debug|Any CPU.Build.0 = Debug|Any CPU
		{5CCE949D-63C6-445C-8383-836CC09CEDD0}.Release|Any CPU.ActiveCfg = Release|Any CPU
		{5CCE949D-63C6-445C-8383-836CC09CEDD0}.Release|Any CPU.Build.0 = Release|Any CPU
		{07EEA9C8-97F8-4AFD-AD73-1F27FDB9F11F}.Debug|Any CPU.ActiveCfg = Debug|Any CPU
		{07EEA9C8-97F8-4AFD-AD73-1F27FDB9F11F}.Debug|Any CPU.Build.0 = Debug|Any CPU
		{07EEA9C8-97F8-4AFD-AD73-1F27FDB9F11F}.Release|Any CPU.ActiveCfg = Release|Any CPU
		{07EEA9C8-97F8-4AFD-AD73-1F27FDB9F11F}.Release|Any CPU.Build.0 = Release|Any CPU
		{9DA12681-44BC-4C37-B5D2-DBCAE489C29A}.Debug|Any CPU.ActiveCfg = Debug|Any CPU
		{9DA12681-44BC-4C37-B5D2-DBCAE489C29A}.Debug|Any CPU.Build.0 = Debug|Any CPU
		{9DA12681-44BC-4C37-B5D2-DBCAE489C29A}.Release|Any CPU.ActiveCfg = Release|Any CPU
		{9DA12681-44BC-4C37-B5D2-DBCAE489C29A}.Release|Any CPU.Build.0 = Release|Any CPU
		{C4B7A3E1-1117-41CA-A0F3-74C14C3E628F}.Debug|Any CPU.ActiveCfg = Debug|Any CPU
		{C4B7A3E1-1117-41CA-A0F3-74C14C3E628F}.Debug|Any CPU.Build.0 = Debug|Any CPU
		{C4B7A3E1-1117-41CA-A0F3-74C14C3E628F}.Release|Any CPU.ActiveCfg = Release|Any CPU
		{C4B7A3E1-1117-41CA-A0F3-74C14C3E628F}.Release|Any CPU.Build.0 = Release|Any CPU
		{B2463D4F-65A1-4295-95FA-538D938E89C1}.Debug|Any CPU.ActiveCfg = Debug|Any CPU
		{B2463D4F-65A1-4295-95FA-538D938E89C1}.Debug|Any CPU.Build.0 = Debug|Any CPU
		{B2463D4F-65A1-4295-95FA-538D938E89C1}.Release|Any CPU.ActiveCfg = Release|Any CPU
		{B2463D4F-65A1-4295-95FA-538D938E89C1}.Release|Any CPU.Build.0 = Release|Any CPU
		{BF79EFA7-A7BC-4242-A8D8-158A0E07B75B}.Debug|Any CPU.ActiveCfg = Debug|Any CPU
		{BF79EFA7-A7BC-4242-A8D8-158A0E07B75B}.Debug|Any CPU.Build.0 = Debug|Any CPU
		{BF79EFA7-A7BC-4242-A8D8-158A0E07B75B}.Release|Any CPU.ActiveCfg = Release|Any CPU
		{BF79EFA7-A7BC-4242-A8D8-158A0E07B75B}.Release|Any CPU.Build.0 = Release|Any CPU
		{CE3B10CB-DE40-49EA-AA0A-7E10AB83DEFA}.Debug|Any CPU.ActiveCfg = Debug|Any CPU
		{CE3B10CB-DE40-49EA-AA0A-7E10AB83DEFA}.Debug|Any CPU.Build.0 = Debug|Any CPU
		{CE3B10CB-DE40-49EA-AA0A-7E10AB83DEFA}.Release|Any CPU.ActiveCfg = Release|Any CPU
		{CE3B10CB-DE40-49EA-AA0A-7E10AB83DEFA}.Release|Any CPU.Build.0 = Release|Any CPU
		{1EF08785-01F5-4A6E-B554-142C6D7A0C7C}.Debug|Any CPU.ActiveCfg = Debug|Any CPU
		{1EF08785-01F5-4A6E-B554-142C6D7A0C7C}.Debug|Any CPU.Build.0 = Debug|Any CPU
		{1EF08785-01F5-4A6E-B554-142C6D7A0C7C}.Release|Any CPU.ActiveCfg = Release|Any CPU
		{1EF08785-01F5-4A6E-B554-142C6D7A0C7C}.Release|Any CPU.Build.0 = Release|Any CPU
	EndGlobalSection
	GlobalSection(SolutionProperties) = preSolution
		HideSolutionNode = FALSE
	EndGlobalSection
	GlobalSection(ExtensibilityGlobals) = postSolution
		SolutionGuid = {6FFE1B78-0DB7-4F9A-9E29-D3C224DE2204}
	EndGlobalSection
EndGlobal
